// !$*UTF8*$!
{
	archiveVersion = 1;
	classes = {
	};
	objectVersion = 46;
	objects = {

/* Begin PBXBuildFile section */
		1F8642C01DC79B4A00FF0356 /* PlayingCard.swift in Sources */ = {isa = PBXBuildFile; fileRef = 1F8642BF1DC79B4A00FF0356 /* PlayingCard.swift */; };
		1F9D39661DC2519E00F3C173 /* CardGameController.swift in Sources */ = {isa = PBXBuildFile; fileRef = 1F9D39651DC2519E00F3C173 /* CardGameController.swift */; };
		1FA3C7B71DC78876005557E3 /* Deck.swift in Sources */ = {isa = PBXBuildFile; fileRef = 1FA3C7B61DC78876005557E3 /* Deck.swift */; };
		1FA3C7B91DC7899C005557E3 /* PlayingCardDeck.swift in Sources */ = {isa = PBXBuildFile; fileRef = 1FA3C7B81DC7899C005557E3 /* PlayingCardDeck.swift */; };
		1FF007321DBFAD68006941BB /* AppDelegate.swift in Sources */ = {isa = PBXBuildFile; fileRef = 1FF007311DBFAD68006941BB /* AppDelegate.swift */; };
		1FF007371DBFAD68006941BB /* Main.storyboard in Resources */ = {isa = PBXBuildFile; fileRef = 1FF007351DBFAD68006941BB /* Main.storyboard */; };
		1FF007391DBFAD68006941BB /* Assets.xcassets in Resources */ = {isa = PBXBuildFile; fileRef = 1FF007381DBFAD68006941BB /* Assets.xcassets */; };
		1FF0073C1DBFAD68006941BB /* LaunchScreen.storyboard in Resources */ = {isa = PBXBuildFile; fileRef = 1FF0073A1DBFAD68006941BB /* LaunchScreen.storyboard */; };
		1FF007441DBFAE81006941BB /* Card.swift in Sources */ = {isa = PBXBuildFile; fileRef = 1FF007431DBFAE81006941BB /* Card.swift */; };
/* End PBXBuildFile section */

/* Begin PBXFileReference section */
		1F8642BF1DC79B4A00FF0356 /* PlayingCard.swift */ = {isa = PBXFileReference; fileEncoding = 4; lastKnownFileType = sourcecode.swift; name = PlayingCard.swift; path = CTEC.CardGame/Model/PlayingCard.swift; sourceTree = "<group>"; };
		1F9D39651DC2519E00F3C173 /* CardGameController.swift */ = {isa = PBXFileReference; fileEncoding = 4; lastKnownFileType = sourcecode.swift; name = CardGameController.swift; path = CTEC.CardGame/Controller/CardGameController.swift; sourceTree = "<group>"; };
		1FA3C7B61DC78876005557E3 /* Deck.swift */ = {isa = PBXFileReference; fileEncoding = 4; lastKnownFileType = sourcecode.swift; name = Deck.swift; path = CTEC.CardGame/Model/Deck.swift; sourceTree = "<group>"; };
		1FA3C7B81DC7899C005557E3 /* PlayingCardDeck.swift */ = {isa = PBXFileReference; fileEncoding = 4; lastKnownFileType = sourcecode.swift; name = PlayingCardDeck.swift; path = CTEC.CardGame/Model/PlayingCardDeck.swift; sourceTree = "<group>"; };
		1FF0072E1DBFAD68006941BB /* CTEC.CardGame.app */ = {isa = PBXFileReference; explicitFileType = wrapper.application; includeInIndex = 0; path = CTEC.CardGame.app; sourceTree = BUILT_PRODUCTS_DIR; };
		1FF007311DBFAD68006941BB /* AppDelegate.swift */ = {isa = PBXFileReference; lastKnownFileType = sourcecode.swift; path = AppDelegate.swift; sourceTree = "<group>"; };
		1FF007361DBFAD68006941BB /* Base */ = {isa = PBXFileReference; lastKnownFileType = file.storyboard; name = Base; path = Base.lproj/Main.storyboard; sourceTree = "<group>"; };
		1FF007381DBFAD68006941BB /* Assets.xcassets */ = {isa = PBXFileReference; lastKnownFileType = folder.assetcatalog; path = Assets.xcassets; sourceTree = "<group>"; };
		1FF0073B1DBFAD68006941BB /* Base */ = {isa = PBXFileReference; lastKnownFileType = file.storyboard; name = Base; path = Base.lproj/LaunchScreen.storyboard; sourceTree = "<group>"; };
		1FF0073D1DBFAD68006941BB /* Info.plist */ = {isa = PBXFileReference; lastKnownFileType = text.plist.xml; path = Info.plist; sourceTree = "<group>"; };
		1FF007431DBFAE81006941BB /* Card.swift */ = {isa = PBXFileReference; fileEncoding = 4; lastKnownFileType = sourcecode.swift; name = Card.swift; path = CTEC.CardGame/Model/Card.swift; sourceTree = "<group>"; };
/* End PBXFileReference section */

/* Begin PBXFrameworksBuildPhase section */
		1FF0072B1DBFAD68006941BB /* Frameworks */ = {
			isa = PBXFrameworksBuildPhase;
			buildActionMask = 2147483647;
			files = (
			);
			runOnlyForDeploymentPostprocessing = 0;
		};
/* End PBXFrameworksBuildPhase section */

/* Begin PBXGroup section */
		1F9D39671DC251AF00F3C173 /* Controller */ = {
			isa = PBXGroup;
			children = (
				1F9D39651DC2519E00F3C173 /* CardGameController.swift */,
			);
			name = Controller;
			sourceTree = "<group>";
		};
		1F9D39681DC2522900F3C173 /* View */ = {
			isa = PBXGroup;
			children = (
				1FF007351DBFAD68006941BB /* Main.storyboard */,
				1FF007381DBFAD68006941BB /* Assets.xcassets */,
				1FF0073A1DBFAD68006941BB /* LaunchScreen.storyboard */,
			);
			name = View;
			sourceTree = "<group>";
		};
		1FF007251DBFAD68006941BB = {
			isa = PBXGroup;
			children = (
				1FF007301DBFAD68006941BB /* CTEC.CardGame */,
				1FF007471DBFAEB7006941BB /* Model */,
				1FF0072F1DBFAD68006941BB /* Products */,
			);
			sourceTree = "<group>";
		};
		1FF0072F1DBFAD68006941BB /* Products */ = {
			isa = PBXGroup;
			children = (
				1FF0072E1DBFAD68006941BB /* CTEC.CardGame.app */,
			);
			name = Products;
			sourceTree = "<group>";
		};
		1FF007301DBFAD68006941BB /* CTEC.CardGame */ = {
			isa = PBXGroup;
			children = (
				1FF007311DBFAD68006941BB /* AppDelegate.swift */,
				1F9D39681DC2522900F3C173 /* View */,
				1FF0073D1DBFAD68006941BB /* Info.plist */,
			);
			path = CTEC.CardGame;
			sourceTree = "<group>";
		};
		1FF007471DBFAEB7006941BB /* Model */ = {
			isa = PBXGroup;
			children = (
				1FF007431DBFAE81006941BB /* Card.swift */,
				1F8642BF1DC79B4A00FF0356 /* PlayingCard.swift */,
				1FA3C7B81DC7899C005557E3 /* PlayingCardDeck.swift */,
				1FA3C7B61DC78876005557E3 /* Deck.swift */,
				1F9D39671DC251AF00F3C173 /* Controller */,
			);
			name = Model;
			sourceTree = "<group>";
		};
/* End PBXGroup section */

/* Begin PBXNativeTarget section */
		1FF0072D1DBFAD68006941BB /* CTEC.CardGame */ = {
			isa = PBXNativeTarget;
			buildConfigurationList = 1FF007401DBFAD68006941BB /* Build configuration list for PBXNativeTarget "CTEC.CardGame" */;
			buildPhases = (
				1FF0072A1DBFAD68006941BB /* Sources */,
				1FF0072B1DBFAD68006941BB /* Frameworks */,
				1FF0072C1DBFAD68006941BB /* Resources */,
			);
			buildRules = (
			);
			dependencies = (
			);
			name = CTEC.CardGame;
			productName = CTEC.CardGame;
			productReference = 1FF0072E1DBFAD68006941BB /* CTEC.CardGame.app */;
			productType = "com.apple.product-type.application";
		};
/* End PBXNativeTarget section */

/* Begin PBXProject section */
		1FF007261DBFAD68006941BB /* Project object */ = {
			isa = PBXProject;
			attributes = {
				LastSwiftUpdateCheck = 0720;
				LastUpgradeCheck = 0720;
				ORGANIZATIONNAME = CTEC;
				TargetAttributes = {
					1FF0072D1DBFAD68006941BB = {
						CreatedOnToolsVersion = 7.2;
					};
				};
			};
			buildConfigurationList = 1FF007291DBFAD68006941BB /* Build configuration list for PBXProject "CTEC.CardGame" */;
			compatibilityVersion = "Xcode 3.2";
			developmentRegion = English;
			hasScannedForEncodings = 0;
			knownRegions = (
				en,
				Base,
			);
			mainGroup = 1FF007251DBFAD68006941BB;
			productRefGroup = 1FF0072F1DBFAD68006941BB /* Products */;
			projectDirPath = "";
			projectRoot = "";
			targets = (
				1FF0072D1DBFAD68006941BB /* CTEC.CardGame */,
			);
		};
/* End PBXProject section */

/* Begin PBXResourcesBuildPhase section */
		1FF0072C1DBFAD68006941BB /* Resources */ = {
			isa = PBXResourcesBuildPhase;
			buildActionMask = 2147483647;
			files = (
				1FF0073C1DBFAD68006941BB /* LaunchScreen.storyboard in Resources */,
				1FF007391DBFAD68006941BB /* Assets.xcassets in Resources */,
				1FF007371DBFAD68006941BB /* Main.storyboard in Resources */,
			);
			runOnlyForDeploymentPostprocessing = 0;
		};
/* End PBXResourcesBuildPhase section */

/* Begin PBXSourcesBuildPhase section */
		1FF0072A1DBFAD68006941BB /* Sources */ = {
			isa = PBXSourcesBuildPhase;
			buildActionMask = 2147483647;
			files = (
				1F9D39661DC2519E00F3C173 /* CardGameController.swift in Sources */,
				1FF007441DBFAE81006941BB /* Card.swift in Sources */,
				1FA3C7B71DC78876005557E3 /* Deck.swift in Sources */,
				1FA3C7B91DC7899C005557E3 /* PlayingCardDeck.swift in Sources */,
				1F8642C01DC79B4A00FF0356 /* PlayingCard.swift in Sources */,
				1FF007321DBFAD68006941BB /* AppDelegate.swift in Sources */,
			);
			runOnlyForDeploymentPostprocessing = 0;
		};
/* End PBXSourcesBuildPhase section */

/* Begin PBXVariantGroup section */
		1FF007351DBFAD68006941BB /* Main.storyboard */ = {
			isa = PBXVariantGroup;
			children = (
				1FF007361DBFAD68006941BB /* Base */,
			);
			name = Main.storyboard;
			sourceTree = "<group>";
		};
		1FF0073A1DBFAD68006941BB /* LaunchScreen.storyboard */ = {
			isa = PBXVariantGroup;
			children = (
				1FF0073B1DBFAD68006941BB /* Base */,
			);
			name = LaunchScreen.storyboard;
			sourceTree = "<group>";
		};
/* End PBXVariantGroup section */

/* Begin XCBuildConfiguration section */
		1FF0073E1DBFAD68006941BB /* Debug */ = {
			isa = XCBuildConfiguration;
			buildSettings = {
				ALWAYS_SEARCH_USER_PATHS = NO;
				CLANG_CXX_LANGUAGE_STANDARD = "gnu++0x";
				CLANG_CXX_LIBRARY = "libc++";
				CLANG_ENABLE_MODULES = YES;
				CLANG_ENABLE_OBJC_ARC = YES;
				CLANG_WARN_BOOL_CONVERSION = YES;
				CLANG_WARN_CONSTANT_CONVERSION = YES;
				CLANG_WARN_DIRECT_OBJC_ISA_USAGE = YES_ERROR;
				CLANG_WARN_EMPTY_BODY = YES;
				CLANG_WARN_ENUM_CONVERSION = YES;
				CLANG_WARN_INT_CONVERSION = YES;
				CLANG_WARN_OBJC_ROOT_CLASS = YES_ERROR;
				CLANG_WARN_UNREACHABLE_CODE = YES;
				CLANG_WARN__DUPLICATE_METHOD_MATCH = YES;
				"CODE_SIGN_IDENTITY[sdk=iphoneos*]" = "iPhone Developer";
				COPY_PHASE_STRIP = NO;
				DEBUG_INFORMATION_FORMAT = dwarf;
				ENABLE_STRICT_OBJC_MSGSEND = YES;
				ENABLE_TESTABILITY = YES;
				GCC_C_LANGUAGE_STANDARD = gnu99;
				GCC_DYNAMIC_NO_PIC = NO;
				GCC_NO_COMMON_BLOCKS = YES;
				GCC_OPTIMIZATION_LEVEL = 0;
				GCC_PREPROCESSOR_DEFINITIONS = (
					"DEBUG=1",
					"$(inherited)",
				);
				GCC_WARN_64_TO_32_BIT_CONVERSION = YES;
				GCC_WARN_ABOUT_RETURN_TYPE = YES_ERROR;
				GCC_WARN_UNDECLARED_SELECTOR = YES;
				GCC_WARN_UNINITIALIZED_AUTOS = YES_AGGRESSIVE;
				GCC_WARN_UNUSED_FUNCTION = YES;
				GCC_WARN_UNUSED_VARIABLE = YES;
				IPHONEOS_DEPLOYMENT_TARGET = 9.2;
				MTL_ENABLE_DEBUG_INFO = YES;
				ONLY_ACTIVE_ARCH = YES;
				SDKROOT = iphoneos;
				SWIFT_OPTIMIZATION_LEVEL = "-Onone";
				TARGETED_DEVICE_FAMILY = "1,2";
			};
			name = Debug;
		};
		1FF0073F1DBFAD68006941BB /* Release */ = {
			isa = XCBuildConfiguration;
			buildSettings = {
				ALWAYS_SEARCH_USER_PATHS = NO;
				CLANG_CXX_LANGUAGE_STANDARD = "gnu++0x";
				CLANG_CXX_LIBRARY = "libc++";
				CLANG_ENABLE_MODULES = YES;
				CLANG_ENABLE_OBJC_ARC = YES;
				CLANG_WARN_BOOL_CONVERSION = YES;
				CLANG_WARN_CONSTANT_CONVERSION = YES;
				CLANG_WARN_DIRECT_OBJC_ISA_USAGE = YES_ERROR;
				CLANG_WARN_EMPTY_BODY = YES;
				CLANG_WARN_ENUM_CONVERSION = YES;
				CLANG_WARN_INT_CONVERSION = YES;
				CLANG_WARN_OBJC_ROOT_CLASS = YES_ERROR;
				CLANG_WARN_UNREACHABLE_CODE = YES;
				CLANG_WARN__DUPLICATE_METHOD_MATCH = YES;
				"CODE_SIGN_IDENTITY[sdk=iphoneos*]" = "iPhone Developer";
				COPY_PHASE_STRIP = NO;
				DEBUG_INFORMATION_FORMAT = "dwarf-with-dsym";
				ENABLE_NS_ASSERTIONS = NO;
				ENABLE_STRICT_OBJC_MSGSEND = YES;
				GCC_C_LANGUAGE_STANDARD = gnu99;
				GCC_NO_COMMON_BLOCKS = YES;
				GCC_WARN_64_TO_32_BIT_CONVERSION = YES;
				GCC_WARN_ABOUT_RETURN_TYPE = YES_ERROR;
				GCC_WARN_UNDECLARED_SELECTOR = YES;
				GCC_WARN_UNINITIALIZED_AUTOS = YES_AGGRESSIVE;
				GCC_WARN_UNUSED_FUNCTION = YES;
				GCC_WARN_UNUSED_VARIABLE = YES;
				IPHONEOS_DEPLOYMENT_TARGET = 9.2;
				MTL_ENABLE_DEBUG_INFO = NO;
				SDKROOT = iphoneos;
				TARGETED_DEVICE_FAMILY = "1,2";
				VALIDATE_PRODUCT = YES;
			};
			name = Release;
		};
		1FF007411DBFAD68006941BB /* Debug */ = {
			isa = XCBuildConfiguration;
			buildSettings = {
				ASSETCATALOG_COMPILER_APPICON_NAME = AppIcon;
				INFOPLIST_FILE = CTEC.CardGame/Info.plist;
				LD_RUNPATH_SEARCH_PATHS = "$(inherited) @executable_path/Frameworks";
				PRODUCT_BUNDLE_IDENTIFIER = "CTEC.CTEC-CardGame";
				PRODUCT_NAME = "$(TARGET_NAME)";
			};
			name = Debug;
		};
		1FF007421DBFAD68006941BB /* Release */ = {
			isa = XCBuildConfiguration;
			buildSettings = {
				ASSETCATALOG_COMPILER_APPICON_NAME = AppIcon;
				INFOPLIST_FILE = CTEC.CardGame/Info.plist;
				LD_RUNPATH_SEARCH_PATHS = "$(inherited) @executable_path/Frameworks";
				PRODUCT_BUNDLE_IDENTIFIER = "CTEC.CTEC-CardGame";
				PRODUCT_NAME = "$(TARGET_NAME)";
			};
			name = Release;
		};
/* End XCBuildConfiguration section */

/* Begin XCConfigurationList section */
		1FF007291DBFAD68006941BB /* Build configuration list for PBXProject "CTEC.CardGame" */ = {
			isa = XCConfigurationList;
			buildConfigurations = (
				1FF0073E1DBFAD68006941BB /* Debug */,
				1FF0073F1DBFAD68006941BB /* Release */,
			);
			defaultConfigurationIsVisible = 0;
			defaultConfigurationName = Release;
		};
		1FF007401DBFAD68006941BB /* Build configuration list for PBXNativeTarget "CTEC.CardGame" */ = {
			isa = XCConfigurationList;
			buildConfigurations = (
				1FF007411DBFAD68006941BB /* Debug */,
				1FF007421DBFAD68006941BB /* Release */,
			);
			defaultConfigurationIsVisible = 0;
			defaultConfigurationName = Release;
		};
/* End XCConfigurationList section */
	};
	rootObject = 1FF007261DBFAD68006941BB /* Project object */;
}
